
Microsoft Visual Studio Solution File, Format Version 12.00
# Visual Studio Version 17
VisualStudioVersion = 17.9.34728.123
MinimumVisualStudioVersion = 10.0.40219.1
Project("{9A19103F-16F7-4668-BE54-9A1E7A4F7556}") = "EJERCICIO4", "EJERCICIO4.csproj", "{E760DCA0-7A54-4296-8780-3CCD92DFA36B}"
EndProject
Global
	GlobalSection(SolutionConfigurationPlatforms) = preSolution
		Debug|Any CPU = Debug|Any CPU
		Release|Any CPU = Release|Any CPU
	EndGlobalSection
	GlobalSection(ProjectConfigurationPlatforms) = postSolution
		{E760DCA0-7A54-4296-8780-3CCD92DFA36B}.Debug|Any CPU.ActiveCfg = Debug|Any CPU
		{E760DCA0-7A54-4296-8780-3CCD92DFA36B}.Debug|Any CPU.Build.0 = Debug|Any CPU
		{E760DCA0-7A54-4296-8780-3CCD92DFA36B}.Release|Any CPU.ActiveCfg = Release|Any CPU
		{E760DCA0-7A54-4296-8780-3CCD92DFA36B}.Release|Any CPU.Build.0 = Release|Any CPU
	EndGlobalSection
	GlobalSection(SolutionProperties) = preSolution
		HideSolutionNode = FALSE
	EndGlobalSection
	GlobalSection(ExtensibilityGlobals) = postSolution
		SolutionGuid = {F6A784E4-3B93-4A17-966F-447C04C59210}
	EndGlobalSection
EndGlobal
